// !$*UTF8*$!
{
	archiveVersion = 1;
	classes = {
	};
	objectVersion = 46;
	objects = {

/* Begin PBXBuildFile section */
		8578E4851B71082B0037F3E0 /* main.m in Sources */ = {isa = PBXBuildFile; fileRef = 8578E4841B71082B0037F3E0 /* main.m */; };
		8578E4881B71082B0037F3E0 /* AppDelegate.m in Sources */ = {isa = PBXBuildFile; fileRef = 8578E4871B71082B0037F3E0 /* AppDelegate.m */; };
		8578E48B1B71082B0037F3E0 /* ViewController.m in Sources */ = {isa = PBXBuildFile; fileRef = 8578E48A1B71082B0037F3E0 /* ViewController.m */; };
		8578E48E1B71082B0037F3E0 /* Main.storyboard in Resources */ = {isa = PBXBuildFile; fileRef = 8578E48C1B71082B0037F3E0 /* Main.storyboard */; };
		8578E4901B71082B0037F3E0 /* Images.xcassets in Resources */ = {isa = PBXBuildFile; fileRef = 8578E48F1B71082B0037F3E0 /* Images.xcassets */; };
		8578E4931B71082C0037F3E0 /* LaunchScreen.xib in Resources */ = {isa = PBXBuildFile; fileRef = 8578E4911B71082C0037F3E0 /* LaunchScreen.xib */; };
		8578E4A91B7108630037F3E0 /* MyJavaFramework.framework in Frameworks */ = {isa = PBXBuildFile; fileRef = 8578E4A81B7108630037F3E0 /* MyJavaFramework.framework */; };
		8578E4AF1B710D9C0037F3E0 /* CounterService.m in Sources */ = {isa = PBXBuildFile; fileRef = 8578E4AE1B710D9C0037F3E0 /* CounterService.m */; };
/* End PBXBuildFile section */

/* Begin PBXFileReference section */
		8578E47F1B71082B0037F3E0 /* PojavLauncher.app */ = {isa = PBXFileReference; explicitFileType = wrapper.application; includeInIndex = 0; path = PojavLauncher.app; sourceTree = BUILT_PRODUCTS_DIR; };
		8578E4831B71082B0037F3E0 /* Info.plist */ = {isa = PBXFileReference; lastKnownFileType = text.plist.xml; path = Info.plist; sourceTree = "<group>"; };
		8578E4841B71082B0037F3E0 /* main.m */ = {isa = PBXFileReference; lastKnownFileType = sourcecode.c.objc; path = main.m; sourceTree = "<group>"; };
		8578E4861B71082B0037F3E0 /* AppDelegate.h */ = {isa = PBXFileReference; lastKnownFileType = sourcecode.c.h; path = AppDelegate.h; sourceTree = "<group>"; };
		8578E4871B71082B0037F3E0 /* AppDelegate.m */ = {isa = PBXFileReference; lastKnownFileType = sourcecode.c.objc; path = AppDelegate.m; sourceTree = "<group>"; };
		8578E4891B71082B0037F3E0 /* ViewController.h */ = {isa = PBXFileReference; lastKnownFileType = sourcecode.c.h; path = ViewController.h; sourceTree = "<group>"; };
		8578E48A1B71082B0037F3E0 /* ViewController.m */ = {isa = PBXFileReference; lastKnownFileType = sourcecode.c.objc; path = ViewController.m; sourceTree = "<group>"; };
		8578E48D1B71082B0037F3E0 /* Base */ = {isa = PBXFileReference; lastKnownFileType = file.storyboard; name = Base; path = Base.lproj/Main.storyboard; sourceTree = "<group>"; };
		8578E48F1B71082B0037F3E0 /* Images.xcassets */ = {isa = PBXFileReference; lastKnownFileType = folder.assetcatalog; path = Images.xcassets; sourceTree = "<group>"; };
		8578E4921B71082C0037F3E0 /* Base */ = {isa = PBXFileReference; lastKnownFileType = file.xib; name = Base; path = Base.lproj/LaunchScreen.xib; sourceTree = "<group>"; };
		8578E4A81B7108630037F3E0 /* MyJavaFramework.framework */ = {isa = PBXFileReference; lastKnownFileType = wrapper.framework; name = MyJavaFramework.framework; path = ../target/robovm/MyJavaFramework.framework; sourceTree = "<group>"; };
		8578E4AC1B710D5A0037F3E0 /* jni.h */ = {isa = PBXFileReference; fileEncoding = 4; lastKnownFileType = sourcecode.c.h; path = jni.h; sourceTree = "<group>"; };
		8578E4AD1B710D9C0037F3E0 /* CounterService.h */ = {isa = PBXFileReference; fileEncoding = 4; lastKnownFileType = sourcecode.c.h; path = CounterService.h; sourceTree = "<group>"; };
		8578E4AE1B710D9C0037F3E0 /* CounterService.m */ = {isa = PBXFileReference; fileEncoding = 4; lastKnownFileType = sourcecode.c.objc; path = CounterService.m; sourceTree = "<group>"; };
/* End PBXFileReference section */

/* Begin PBXFrameworksBuildPhase section */
		8578E47C1B71082B0037F3E0 /* Frameworks */ = {
			isa = PBXFrameworksBuildPhase;
			buildActionMask = 2147483647;
			files = (
				8578E4A91B7108630037F3E0 /* MyJavaFramework.framework in Frameworks */,
			);
			runOnlyForDeploymentPostprocessing = 0;
		};
/* End PBXFrameworksBuildPhase section */

/* Begin PBXGroup section */
		8578E4761B71082B0037F3E0 = {
			isa = PBXGroup;
			children = (
				8578E4A81B7108630037F3E0 /* MyJavaFramework.framework */,
				8578E4811B71082B0037F3E0 /* PojavLauncher */,
				8578E4801B71082B0037F3E0 /* Products */,
			);
			sourceTree = "<group>";
		};
		8578E4801B71082B0037F3E0 /* Products */ = {
			isa = PBXGroup;
			children = (
				8578E47F1B71082B0037F3E0 /* PojavLauncher.app */,
			);
			name = Products;
			sourceTree = "<group>";
		};
		8578E4811B71082B0037F3E0 /* PojavLauncher */ = {
			isa = PBXGroup;
			children = (
				8578E4861B71082B0037F3E0 /* AppDelegate.h */,
				8578E4871B71082B0037F3E0 /* AppDelegate.m */,
				8578E4AD1B710D9C0037F3E0 /* CounterService.h */,
				8578E4AE1B710D9C0037F3E0 /* CounterService.m */,
				8578E4891B71082B0037F3E0 /* ViewController.h */,
				8578E48A1B71082B0037F3E0 /* ViewController.m */,
				8578E48C1B71082B0037F3E0 /* Main.storyboard */,
				8578E48F1B71082B0037F3E0 /* Images.xcassets */,
				8578E4911B71082C0037F3E0 /* LaunchScreen.xib */,
				8578E4821B71082B0037F3E0 /* Supporting Files */,
			);
			path = PojavLauncher;
			sourceTree = "<group>";
		};
		8578E4821B71082B0037F3E0 /* Supporting Files */ = {
			isa = PBXGroup;
			children = (
				8578E4831B71082B0037F3E0 /* Info.plist */,
				8578E4AC1B710D5A0037F3E0 /* jni.h */,
				8578E4841B71082B0037F3E0 /* main.m */,
			);
			name = "Supporting Files";
			sourceTree = "<group>";
		};
/* End PBXGroup section */

/* Begin PBXNativeTarget section */
		8578E47E1B71082B0037F3E0 /* PojavLauncher */ = {
			isa = PBXNativeTarget;
			buildConfigurationList = 8578E4A21B71082C0037F3E0 /* Build configuration list for PBXNativeTarget "PojavLauncher" */;
			buildPhases = (
				8578E47B1B71082B0037F3E0 /* Sources */,
				8578E47C1B71082B0037F3E0 /* Frameworks */,
				8578E47D1B71082B0037F3E0 /* Resources */,
				8578E4AA1B71086F0037F3E0 /* ShellScript */,
			);
			buildRules = (
			);
			dependencies = (
			);
			name = PojavLauncher;
			productName = PojavLauncher;
			productReference = 8578E47F1B71082B0037F3E0 /* PojavLauncher.app */;
			productType = "com.apple.product-type.application";
		};
/* End PBXNativeTarget section */

/* Begin PBXProject section */
		8578E4771B71082B0037F3E0 /* Project object */ = {
			isa = PBXProject;
			attributes = {
				LastUpgradeCheck = 0640;
				ORGANIZATIONNAME = RoboVM;
				TargetAttributes = {
					8578E47E1B71082B0037F3E0 = {
						CreatedOnToolsVersion = 6.4;
					};
				};
			};
			buildConfigurationList = 8578E47A1B71082B0037F3E0 /* Build configuration list for PBXProject "PojavLauncher" */;
			compatibilityVersion = "Xcode 3.2";
			developmentRegion = English;
			hasScannedForEncodings = 0;
			knownRegions = (
				en,
				Base,
			);
			mainGroup = 8578E4761B71082B0037F3E0;
			productRefGroup = 8578E4801B71082B0037F3E0 /* Products */;
			projectDirPath = "";
			projectRoot = "";
			targets = (
				8578E47E1B71082B0037F3E0 /* PojavLauncher */,
			);
		};
/* End PBXProject section */

/* Begin PBXResourcesBuildPhase section */
		8578E47D1B71082B0037F3E0 /* Resources */ = {
			isa = PBXResourcesBuildPhase;
			buildActionMask = 2147483647;
			files = (
				8578E48E1B71082B0037F3E0 /* Main.storyboard in Resources */,
				8578E4931B71082C0037F3E0 /* LaunchScreen.xib in Resources */,
				8578E4901B71082B0037F3E0 /* Images.xcassets in Resources */,
			);
			runOnlyForDeploymentPostprocessing = 0;
		};
/* End PBXResourcesBuildPhase section */

/* Begin PBXShellScriptBuildPhase section */
		8578E4AA1B71086F0037F3E0 /* ShellScript */ = {
			isa = PBXShellScriptBuildPhase;
			buildActionMask = 2147483647;
			files = (
			);
			inputPaths = (
				"$(SRCROOT)/../target/robovm/MyJavaFramework.framework",
			);
			outputPaths = (
			);
			runOnlyForDeploymentPostprocessing = 0;
			shellPath = /bin/sh;
			shellScript = "/usr/local/bin/carthage copy-frameworks";
		};
/* End PBXShellScriptBuildPhase section */

/* Begin PBXSourcesBuildPhase section */
		8578E47B1B71082B0037F3E0 /* Sources */ = {
			isa = PBXSourcesBuildPhase;
			buildActionMask = 2147483647;
			files = (
				8578E4AF1B710D9C0037F3E0 /* CounterService.m in Sources */,
				8578E48B1B71082B0037F3E0 /* ViewController.m in Sources */,
				8578E4881B71082B0037F3E0 /* AppDelegate.m in Sources */,
				8578E4851B71082B0037F3E0 /* main.m in Sources */,
			);
			runOnlyForDeploymentPostprocessing = 0;
		};
/* End PBXSourcesBuildPhase section */

/* Begin PBXVariantGroup section */
		8578E48C1B71082B0037F3E0 /* Main.storyboard */ = {
			isa = PBXVariantGroup;
			children = (
				8578E48D1B71082B0037F3E0 /* Base */,
			);
			name = Main.storyboard;
			sourceTree = "<group>";
		};
		8578E4911B71082C0037F3E0 /* LaunchScreen.xib */ = {
			isa = PBXVariantGroup;
			children = (
				8578E4921B71082C0037F3E0 /* Base */,
			);
			name = LaunchScreen.xib;
			sourceTree = "<group>";
		};
/* End PBXVariantGroup section */

/* Begin XCBuildConfiguration section */
		8578E4A01B71082C0037F3E0 /* Debug */ = {
			isa = XCBuildConfiguration;
			buildSettings = {
				ALWAYS_SEARCH_USER_PATHS = NO;
				CLANG_CXX_LANGUAGE_STANDARD = "gnu++0x";
				CLANG_CXX_LIBRARY = "libc++";
				CLANG_ENABLE_MODULES = YES;
				CLANG_ENABLE_OBJC_ARC = YES;
				CLANG_WARN_BOOL_CONVERSION = YES;
				CLANG_WARN_CONSTANT_CONVERSION = YES;
				CLANG_WARN_DIRECT_OBJC_ISA_USAGE = YES_ERROR;
				CLANG_WARN_EMPTY_BODY = YES;
				CLANG_WARN_ENUM_CONVERSION = YES;
				CLANG_WARN_INT_CONVERSION = YES;
				CLANG_WARN_OBJC_ROOT_CLASS = YES_ERROR;
				CLANG_WARN_UNREACHABLE_CODE = YES;
				CLANG_WARN__DUPLICATE_METHOD_MATCH = YES;
				"CODE_SIGN_IDENTITY[sdk=iphoneos*]" = "iPhone Developer";
				COPY_PHASE_STRIP = NO;
				DEBUG_INFORMATION_FORMAT = "dwarf-with-dsym";
				ENABLE_STRICT_OBJC_MSGSEND = YES;
				GCC_C_LANGUAGE_STANDARD = gnu99;
				GCC_DYNAMIC_NO_PIC = NO;
				GCC_NO_COMMON_BLOCKS = YES;
				GCC_OPTIMIZATION_LEVEL = 0;
				GCC_PREPROCESSOR_DEFINITIONS = (
					"DEBUG=1",
					"$(inherited)",
				);
				GCC_SYMBOLS_PRIVATE_EXTERN = NO;
				GCC_WARN_64_TO_32_BIT_CONVERSION = YES;
				GCC_WARN_ABOUT_RETURN_TYPE = YES_ERROR;
				GCC_WARN_UNDECLARED_SELECTOR = YES;
				GCC_WARN_UNINITIALIZED_AUTOS = YES_AGGRESSIVE;
				GCC_WARN_UNUSED_FUNCTION = YES;
				GCC_WARN_UNUSED_VARIABLE = YES;
				IPHONEOS_DEPLOYMENT_TARGET = 8.4;
				MTL_ENABLE_DEBUG_INFO = YES;
				ONLY_ACTIVE_ARCH = YES;
				SDKROOT = iphoneos;
				TARGETED_DEVICE_FAMILY = "1,2";
			};
			name = Debug;
		};
		8578E4A11B71082C0037F3E0 /* Release */ = {
			isa = XCBuildConfiguration;
			buildSettings = {
				ALWAYS_SEARCH_USER_PATHS = NO;
				CLANG_CXX_LANGUAGE_STANDARD = "gnu++0x";
				CLANG_CXX_LIBRARY = "libc++";
				CLANG_ENABLE_MODULES = YES;
				CLANG_ENABLE_OBJC_ARC = YES;
				CLANG_WARN_BOOL_CONVERSION = YES;
				CLANG_WARN_CONSTANT_CONVERSION = YES;
				CLANG_WARN_DIRECT_OBJC_ISA_USAGE = YES_ERROR;
				CLANG_WARN_EMPTY_BODY = YES;
				CLANG_WARN_ENUM_CONVERSION = YES;
				CLANG_WARN_INT_CONVERSION = YES;
				CLANG_WARN_OBJC_ROOT_CLASS = YES_ERROR;
				CLANG_WARN_UNREACHABLE_CODE = YES;
				CLANG_WARN__DUPLICATE_METHOD_MATCH = YES;
				"CODE_SIGN_IDENTITY[sdk=iphoneos*]" = "iPhone Developer";
				COPY_PHASE_STRIP = NO;
				DEBUG_INFORMATION_FORMAT = "dwarf-with-dsym";
				ENABLE_NS_ASSERTIONS = NO;
				ENABLE_STRICT_OBJC_MSGSEND = YES;
				GCC_C_LANGUAGE_STANDARD = gnu99;
				GCC_NO_COMMON_BLOCKS = YES;
				GCC_WARN_64_TO_32_BIT_CONVERSION = YES;
				GCC_WARN_ABOUT_RETURN_TYPE = YES_ERROR;
				GCC_WARN_UNDECLARED_SELECTOR = YES;
				GCC_WARN_UNINITIALIZED_AUTOS = YES_AGGRESSIVE;
				GCC_WARN_UNUSED_FUNCTION = YES;
				GCC_WARN_UNUSED_VARIABLE = YES;
				IPHONEOS_DEPLOYMENT_TARGET = 8.4;
				MTL_ENABLE_DEBUG_INFO = NO;
				SDKROOT = iphoneos;
				TARGETED_DEVICE_FAMILY = "1,2";
				VALIDATE_PRODUCT = YES;
			};
			name = Release;
		};
		8578E4A31B71082C0037F3E0 /* Debug */ = {
			isa = XCBuildConfiguration;
			buildSettings = {
				ASSETCATALOG_COMPILER_APPICON_NAME = AppIcon;
				FRAMEWORK_SEARCH_PATHS = (
					"$(inherited)",
					../target/robovm,
				);
				INFOPLIST_FILE = PojavLauncher/Info.plist;
				LD_RUNPATH_SEARCH_PATHS = "$(inherited) @executable_path/Frameworks";
				PRODUCT_NAME = "$(TARGET_NAME)";
			};
			name = Debug;
		};
		8578E4A41B71082C0037F3E0 /* Release */ = {
			isa = XCBuildConfiguration;
			buildSettings = {
				ASSETCATALOG_COMPILER_APPICON_NAME = AppIcon;
				FRAMEWORK_SEARCH_PATHS = (
					"$(inherited)",
					../target/robovm,
				);
				INFOPLIST_FILE = PojavLauncher/Info.plist;
				LD_RUNPATH_SEARCH_PATHS = "$(inherited) @executable_path/Frameworks";
				PRODUCT_NAME = "$(TARGET_NAME)";
			};
			name = Release;
		};
/* End XCBuildConfiguration section */

/* Begin XCConfigurationList section */
		8578E47A1B71082B0037F3E0 /* Build configuration list for PBXProject "PojavLauncher" */ = {
			isa = XCConfigurationList;
			buildConfigurations = (
				8578E4A01B71082C0037F3E0 /* Debug */,
				8578E4A11B71082C0037F3E0 /* Release */,
			);
			defaultConfigurationIsVisible = 0;
			defaultConfigurationName = Release;
		};
		8578E4A21B71082C0037F3E0 /* Build configuration list for PBXNativeTarget "PojavLauncher" */ = {
			isa = XCConfigurationList;
			buildConfigurations = (
				8578E4A31B71082C0037F3E0 /* Debug */,
				8578E4A41B71082C0037F3E0 /* Release */,
			);
			defaultConfigurationIsVisible = 0;
			defaultConfigurationName = Release;
		};
/* End XCConfigurationList section */
	};
	rootObject = 8578E4771B71082B0037F3E0 /* Project object */;
}
